
Microsoft Visual Studio Solution File, Format Version 12.00
# Visual Studio Version 17
VisualStudioVersion = 17.12.35527.113 d17.12
MinimumVisualStudioVersion = 10.0.40219.1
Project("{FAE04EC0-301F-11D3-BF4B-00C04F79EFBC}") = "Assignment", "csharp3\Assignment.csproj", "{05282AED-E708-454E-8F11-46204465780F}"
EndProject
Project("{FAE04EC0-301F-11D3-BF4B-00C04F79EFBC}") = "Demo3", "Demo3\Demo3.csproj", "{972A5A4F-6EBE-4AD9-AE96-CB062443C648}"
EndProject
Global
	GlobalSection(SolutionConfigurationPlatforms) = preSolution
		Debug|Any CPU = Debug|Any CPU
		Release|Any CPU = Release|Any CPU
	EndGlobalSection
	GlobalSection(ProjectConfigurationPlatforms) = postSolution
		{05282AED-E708-454E-8F11-46204465780F}.Debug|Any CPU.ActiveCfg = Debug|Any CPU
		{05282AED-E708-454E-8F11-46204465780F}.Debug|Any CPU.Build.0 = Debug|Any CPU
		{05282AED-E708-454E-8F11-46204465780F}.Release|Any CPU.ActiveCfg = Release|Any CPU
		{05282AED-E708-454E-8F11-46204465780F}.Release|Any CPU.Build.0 = Release|Any CPU
		{972A5A4F-6EBE-4AD9-AE96-CB062443C648}.Debug|Any CPU.ActiveCfg = Debug|Any CPU
		{972A5A4F-6EBE-4AD9-AE96-CB062443C648}.Debug|Any CPU.Build.0 = Debug|Any CPU
		{972A5A4F-6EBE-4AD9-AE96-CB062443C648}.Release|Any CPU.ActiveCfg = Release|Any CPU
		{972A5A4F-6EBE-4AD9-AE96-CB062443C648}.Release|Any CPU.Build.0 = Release|Any CPU
	EndGlobalSection
	GlobalSection(SolutionProperties) = preSolution
		HideSolutionNode = FALSE
	EndGlobalSection
EndGlobal
